github.com/LeonB/irsdk-go v0.0.0-20151111020111-8dab19ab7858 h1:IMwGt6GwEX2Z++0p1rnOOnlzbksQO92Thpb6vx19fz4=
github.com/LeonB/irsdk-go v0.0.0-20151111020111-8dab19ab7858/go.mod h1:R1XLEs+XPGt4abqUFg+jDQV3R3CyWV7d55auGyulcvE=
github.com/edsrzf/mmap-go v1.1.0 h1:6EUwBLQ/Mcr1EYLE4Tn1VdW1A4ckqCQWZBw8Hr0kjpQ=
github.com/edsrzf/mmap-go v1.1.0/go.mod h1:19H/e8pUPLicwkyNgOykDXkJ9F0MHE+Z52B8EIth78Q=
github.com/hidez8891/shm v0.0.0-20200313135933-0ec4df5f28c7 h1:JSo+KvSidJkj/WUE0eVBnGQ9zp4ySfUOzFMAJJMPMUw=
github.com/hidez8891/shm v0.0.0-20200313135933-0ec4df5f28c7/go.mod h1:7TJzIHJx3AjYCmJzoUdJ9n1pVISMw9F4wF2+V0mq288=
github.com/leonb/irsdk-go v0.0.0-20151111020111-8dab19ab7858 h1:2nOggMZR4dlMmhlX428C1pToHNPUebDcJJu6HtG16MY=
github.com/leonb/irsdk-go v0.0.0-20151111020111-8dab19ab7858/go.mod h1:eHzpc5axblpZBre/1sIcJxBzsCTSH3fWl3umaSeMAW4=
github.com/leonb/wineshm-go v0.0.0-20150719205259-4d7fa7caceb4 h1:tXcVWAdiry4KgQUFf0RSPWw9veJA7Qbtq0deL3wOL70=
github.com/leonb/wineshm-go v0.0.0-20150719205259-4d7fa7caceb4/go.mod h1:a5/7o0es8TuwTLjVUATO4nI7sHMaxn0pFlYARbO2RP0=
github.com/quimcalpe/iracing-sdk v0.0.0-20220202205857-747744f2c906 h1:C7oQcOVeOE/E50KGi4ygjQpeBeNnSgVVK1fcsdTlPFI=
github.com/quimcalpe/iracing-sdk v0.0.0-20220202205857-747744f2c906/go.mod h1:GY5YwTDLaTQ8IyhYBbVP3xMBI87wAh4ctfzaZdwaJzU=
golang.org/x/sys v0.5.0 h1:MUK/U/4lj1t1oPg0HfuXDN/Z1wv31ZJ/YcPiGccS4DU=
golang.org/x/sys v0.5.0/go.mod h1:oPkhp1MJrh7nUepCBck5+mAzfO9JrbApNNgaTdGDITg=
golang.org/x/sys v0.20.0 h1:Od9JTbYCk261bKm4M/mw7AklTlFYIa0bIp9BgSm1S8Y=
golang.org/x/sys v0.20.0/go.mod h1:/VUhepiaJMQUp4+oa/7Zr1D23ma6VTLIYjOOTFZPUcA=
golang.org/x/text v0.15.0 h1:h1V/4gjBv8v9cjcR6+AR5+/cIYK5N/WAgiv4xlsEtAk=
golang.org/x/text v0.15.0/go.mod h1:18ZOQIKpY8NJVqYksKHtTdi31H5itFRjB5/qKTNYzSU=
gopkg.in/check.v1 v0.0.0-20161208181325-20d25e280405/go.mod h1:Co6ibVJAznAaIkqp8huTwlJQCZ016jof/cbN4VW5Yz0=
gopkg.in/yaml.v2 v2.4.0 h1:D8xgwECY7CYvx+Y2n4sBz93Jn9JRvxdiyyo8CTfuKaY=
gopkg.in/yaml.v2 v2.4.0/go.mod h1:RDklbk79AGWmwhnvt/jBztapEOGDOx6ZbXqjP6csGnQ=
